
Microsoft Visual Studio Solution File, Format Version 12.00
# Visual Studio Version 17
VisualStudioVersion = 17.0.31808.319
MinimumVisualStudioVersion = 10.0.40219.1
Project("{8BC9CEB8-8B4A-11D0-8D11-00A0C91BC942}") = "Sandbox", "Sandbox\Sandbox.vcxproj", "{F4D17AD9-5302-4020-A7FD-E53B424F8EC1}"
EndProject
Project("{8BC9CEB8-8B4A-11D0-8D11-00A0C91BC942}") = "Hazel", "Hazel\Hazel.vcxproj", "{186AB7A4-D7F2-4DC8-98A6-54DEEDBB15D7}"
EndProject
Global
	GlobalSection(SolutionConfigurationPlatforms) = preSolution
		Debug|x64 = Debug|x64
		Release|x64 = Release|x64
	EndGlobalSection
	GlobalSection(ProjectConfigurationPlatforms) = postSolution
		{186AB7A4-D7F2-4DC8-98A6-54DEEDBB15D7}.Debug|x64.ActiveCfg = Debug|x64
		{186AB7A4-D7F2-4DC8-98A6-54DEEDBB15D7}.Debug|x64.Build.0 = Debug|x64
		{186AB7A4-D7F2-4DC8-98A6-54DEEDBB15D7}.Release|x64.ActiveCfg = Release|x64
		{186AB7A4-D7F2-4DC8-98A6-54DEEDBB15D7}.Release|x64.Build.0 = Release|x64
		{F4D17AD9-5302-4020-A7FD-E53B424F8EC1}.Debug|x64.ActiveCfg = Debug|x64
		{F4D17AD9-5302-4020-A7FD-E53B424F8EC1}.Debug|x64.Build.0 = Debug|x64
		{F4D17AD9-5302-4020-A7FD-E53B424F8EC1}.Release|x64.ActiveCfg = Release|x64
		{F4D17AD9-5302-4020-A7FD-E53B424F8EC1}.Release|x64.Build.0 = Release|x64
	EndGlobalSection
	GlobalSection(SolutionProperties) = preSolution
		HideSolutionNode = FALSE
	EndGlobalSection
	GlobalSection(ExtensibilityGlobals) = postSolution
		SolutionGuid = {A2C25428-BE54-47F2-848B-79961C345638}
	EndGlobalSection
EndGlobal
